
Microsoft Visual Studio Solution File, Format Version 11.00
# Visual Studio 2010
Project("{FAE04EC0-301F-11D3-BF4B-00C04F79EFBC}") = "ExtensionMethods", "ExtensionMethods.csproj", "{F11D7CC0-0BFC-47F3-A8BF-9A6A9A3E0BEE}"
EndProject
Project("{2150E333-8FDC-42A3-9474-1A3956D46DE8}") = "Solution Items", "Solution Items", "{B08E51A3-4A56-494C-89A2-D69158A20F01}"
	ProjectSection(SolutionItems) = preProject
		ExtensionMethods.vsmdi = ExtensionMethods.vsmdi
		Local.testsettings = Local.testsettings
		TraceAndTestImpact.testsettings = TraceAndTestImpact.testsettings
	EndProjectSection
EndProject
Project("{FAE04EC0-301F-11D3-BF4B-00C04F79EFBC}") = "Unit Test", "Unit Test\Unit Test.csproj", "{6B9E40EE-1007-4DE3-8C71-80E8992D68DF}"
EndProject
Global
	GlobalSection(TestCaseManagementSettings) = postSolution
		CategoryFile = ExtensionMethods.vsmdi
	EndGlobalSection
	GlobalSection(SolutionConfigurationPlatforms) = preSolution
		Debug|Any CPU = Debug|Any CPU
		Release|Any CPU = Release|Any CPU
	EndGlobalSection
	GlobalSection(ProjectConfigurationPlatforms) = postSolution
		{F11D7CC0-0BFC-47F3-A8BF-9A6A9A3E0BEE}.Debug|Any CPU.ActiveCfg = Debug|Any CPU
		{F11D7CC0-0BFC-47F3-A8BF-9A6A9A3E0BEE}.Debug|Any CPU.Build.0 = Debug|Any CPU
		{F11D7CC0-0BFC-47F3-A8BF-9A6A9A3E0BEE}.Release|Any CPU.ActiveCfg = Release|Any CPU
		{F11D7CC0-0BFC-47F3-A8BF-9A6A9A3E0BEE}.Release|Any CPU.Build.0 = Release|Any CPU
		{6B9E40EE-1007-4DE3-8C71-80E8992D68DF}.Debug|Any CPU.ActiveCfg = Debug|Any CPU
		{6B9E40EE-1007-4DE3-8C71-80E8992D68DF}.Debug|Any CPU.Build.0 = Debug|Any CPU
		{6B9E40EE-1007-4DE3-8C71-80E8992D68DF}.Release|Any CPU.ActiveCfg = Release|Any CPU
		{6B9E40EE-1007-4DE3-8C71-80E8992D68DF}.Release|Any CPU.Build.0 = Release|Any CPU
	EndGlobalSection
	GlobalSection(SolutionProperties) = preSolution
		HideSolutionNode = FALSE
	EndGlobalSection
EndGlobal
